github.com/google/go-cmp v0.6.0 h1:ofyhxvXcZhMsU5ulbFiLKl/XBFqE1GSq7atu8tAmTRI=
github.com/google/go-cmp v0.6.0/go.mod h1:17dUlkBOakJ0+DkrSSNjCkIjxS6bF9zb3elmeNGIjoY=
github.com/hashicorp/go-set/v2 v2.1.0 h1:iERPCQWks+I+4bTgy0CT2myZsCqNgBg79ZHqwniohXo=
github.com/hashicorp/go-set/v2 v2.1.0/go.mod h1:6q4nh8UCVZODn2tJ5RbJi8+ki7pjZBsAEYGt6yaGeTo=
github.com/shoenig/test v1.11.0 h1:NoPa5GIoBwuqzIviCrnUJa+t5Xb4xi5Z+zODJnIDsEQ=
github.com/shoenig/test v1.11.0/go.mod h1:UxJ6u/x2v/TNs/LoLxBNJRV9DiwBBKYxXSyczsBHFoI=
golang.org/x/sys v0.25.0 h1:r+8e+loiHxRqhXVl6ML1nO3l1+oFoWbnlu2Ehimmi34=
golang.org/x/sys v0.25.0/go.mod h1:/VUhepiaJMQUp4+oa/7Zr1D23ma6VTLIYjOOTFZPUcA=
kernel.org/pub/linux/libs/security/libcap/psx v1.2.71 h1:i19+O6oaKRqgflRO4o7WKdU8LJ7vKNSFLDDqHB6CvQ8=
kernel.org/pub/linux/libs/security/libcap/psx v1.2.71/go.mod h1:+l6Ee2F59XiJ2I6WR5ObpC1utCQJZ/VLsEbQCD8RG24=
